{
  "name": "cudoc-example-html",
  "lockfileVersion": 3,
  "requires": true,
  "packages": {
    "": {
      "name": "cudoc-example-html",
      "dependencies": {
        "@cudoment/cudoc": "file:../../packages/cudoc",
        "cudoc-html": "file:../../packages/cudoc-html"
      }
    },
    "../../packages/cudoc": {
      "name": "@cudoment/cudoc",
      "version": "0.2.0",
      "license": "MIT",
      "dependencies": {
        "@mdx-js/mdx": "^3.1.1",
        "estree-util-value-to-estree": "^3.5.0",
        "github-slugger": "^2.0.0",
        "hast-util-from-html": "^2.0.3",
        "hast-util-to-html": "^9.0.5",
        "mdast-util-mdx-jsx": "^3.2.0",
        "mdast-util-to-hast": "^13.2.1",
        "remark-directive": "^4.0.0",
        "remark-frontmatter": "^5.0.0",
        "remark-gfm": "^4.0.1",
        "remark-mdx": "^3.1.1",
        "remark-parse": "^11.0.0",
        "unified": "^11.0.5",
        "unist-util-visit": "^5.0.0",
        "vfile": "^6.0.3",
        "yaml": "^2.9.0"
      },
      "bin": {
        "cudoc": "dist/node/cli.js"
      },
      "engines": {
        "node": ">=20"
      },
      "peerDependencies": {
        "@types/mdast": "^4.0.4"
      },
      "peerDependenciesMeta": {
        "@types/mdast": {
          "optional": true
        }
      }
    },
    "../../packages/cudoc-html": {
      "version": "0.2.0",
      "license": "MIT",
      "dependencies": {
        "@cudoment/cudoc": "0.2.0",
        "hast-util-from-html": "^2.0.3",
        "hast-util-to-html": "^9.0.5",
        "highlight.js": "^11.12.0"
      },
      "bin": {
        "cudoc-html": "dist/cli.js"
      },
      "engines": {
        "node": ">=20"
      }
    },
    "node_modules/@cudoment/cudoc": {
      "resolved": "../../packages/cudoc",
      "link": true
    },
    "node_modules/cudoc-html": {
      "resolved": "../../packages/cudoc-html",
      "link": true
    }
  }
}
